
Microsoft Visual Studio Solution File, Format Version 12.00
# Visual Studio Version 17
VisualStudioVersion = 17.8.34330.188
MinimumVisualStudioVersion = 10.0.40219.1
Project("{9A19103F-16F7-4668-BE54-9A1E7A4F7556}") = "01. Deduction of a Linq extension method", "01. Deduction of a Linq extension method\01. Deduction of a Linq extension method.csproj", "{5B9F4360-EE49-4A6E-932E-807F03406184}"
EndProject
Project("{9A19103F-16F7-4668-BE54-9A1E7A4F7556}") = "02. Linq from & where", "02. Linq from & where\02. Linq from & where.csproj", "{768448B2-FE71-48DE-8375-A0F0518061DB}"
EndProject
Global
	GlobalSection(SolutionConfigurationPlatforms) = preSolution
		Debug|Any CPU = Debug|Any CPU
		Release|Any CPU = Release|Any CPU
	EndGlobalSection
	GlobalSection(ProjectConfigurationPlatforms) = postSolution
		{5B9F4360-EE49-4A6E-932E-807F03406184}.Debug|Any CPU.ActiveCfg = Debug|Any CPU
		{5B9F4360-EE49-4A6E-932E-807F03406184}.Debug|Any CPU.Build.0 = Debug|Any CPU
		{5B9F4360-EE49-4A6E-932E-807F03406184}.Release|Any CPU.ActiveCfg = Release|Any CPU
		{5B9F4360-EE49-4A6E-932E-807F03406184}.Release|Any CPU.Build.0 = Release|Any CPU
		{768448B2-FE71-48DE-8375-A0F0518061DB}.Debug|Any CPU.ActiveCfg = Debug|Any CPU
		{768448B2-FE71-48DE-8375-A0F0518061DB}.Debug|Any CPU.Build.0 = Debug|Any CPU
		{768448B2-FE71-48DE-8375-A0F0518061DB}.Release|Any CPU.ActiveCfg = Release|Any CPU
		{768448B2-FE71-48DE-8375-A0F0518061DB}.Release|Any CPU.Build.0 = Release|Any CPU
	EndGlobalSection
	GlobalSection(SolutionProperties) = preSolution
		HideSolutionNode = FALSE
	EndGlobalSection
	GlobalSection(ExtensibilityGlobals) = postSolution
		SolutionGuid = {4259F53B-305A-44C4-890F-22CD2531091C}
	EndGlobalSection
EndGlobal
