
Microsoft Visual Studio Solution File, Format Version 12.00
# Visual Studio Version 17
VisualStudioVersion = 17.8.34330.188
MinimumVisualStudioVersion = 10.0.40219.1
Project("{9A19103F-16F7-4668-BE54-9A1E7A4F7556}") = "01. Deduction of a Linq extension method", "01. Deduction of a Linq extension method\01. Deduction of a Linq extension method.csproj", "{5B9F4360-EE49-4A6E-932E-807F03406184}"
EndProject
Project("{9A19103F-16F7-4668-BE54-9A1E7A4F7556}") = "03. Select & sort", "03. Select & sort\03. Select & sort.csproj", "{A9EF0840-D46F-4AC0-B597-F4D93545B089}"
EndProject
Project("{9A19103F-16F7-4668-BE54-9A1E7A4F7556}") = "04. Group & join", "04. Group & join\04. Group & join.csproj", "{11EC8618-F182-4102-9502-BED695317079}"
EndProject
Project("{9A19103F-16F7-4668-BE54-9A1E7A4F7556}") = "02. from & where", "02. from & where\02. from & where.csproj", "{DC77415C-E00B-46BB-A010-99440F1F67CB}"
EndProject
Project("{9A19103F-16F7-4668-BE54-9A1E7A4F7556}") = "05. Set-operators", "05. Set-operators\05. Set-operators.csproj", "{FA719090-11EA-4E70-BC00-6DB47F199D2E}"
EndProject
Project("{FAE04EC0-301F-11D3-BF4B-00C04F79EFBC}") = "06. Aggregate-operators", "06. Aggregate-operators\06. Aggregate-operators.csproj", "{C0A21263-7831-40DB-A1C8-509E0EA5E336}"
EndProject
Global
	GlobalSection(SolutionConfigurationPlatforms) = preSolution
		Debug|Any CPU = Debug|Any CPU
		Release|Any CPU = Release|Any CPU
	EndGlobalSection
	GlobalSection(ProjectConfigurationPlatforms) = postSolution
		{5B9F4360-EE49-4A6E-932E-807F03406184}.Debug|Any CPU.ActiveCfg = Debug|Any CPU
		{5B9F4360-EE49-4A6E-932E-807F03406184}.Debug|Any CPU.Build.0 = Debug|Any CPU
		{5B9F4360-EE49-4A6E-932E-807F03406184}.Release|Any CPU.ActiveCfg = Release|Any CPU
		{5B9F4360-EE49-4A6E-932E-807F03406184}.Release|Any CPU.Build.0 = Release|Any CPU
		{A9EF0840-D46F-4AC0-B597-F4D93545B089}.Debug|Any CPU.ActiveCfg = Debug|Any CPU
		{A9EF0840-D46F-4AC0-B597-F4D93545B089}.Debug|Any CPU.Build.0 = Debug|Any CPU
		{A9EF0840-D46F-4AC0-B597-F4D93545B089}.Release|Any CPU.ActiveCfg = Release|Any CPU
		{A9EF0840-D46F-4AC0-B597-F4D93545B089}.Release|Any CPU.Build.0 = Release|Any CPU
		{11EC8618-F182-4102-9502-BED695317079}.Debug|Any CPU.ActiveCfg = Debug|Any CPU
		{11EC8618-F182-4102-9502-BED695317079}.Debug|Any CPU.Build.0 = Debug|Any CPU
		{11EC8618-F182-4102-9502-BED695317079}.Release|Any CPU.ActiveCfg = Release|Any CPU
		{11EC8618-F182-4102-9502-BED695317079}.Release|Any CPU.Build.0 = Release|Any CPU
		{DC77415C-E00B-46BB-A010-99440F1F67CB}.Debug|Any CPU.ActiveCfg = Debug|Any CPU
		{DC77415C-E00B-46BB-A010-99440F1F67CB}.Debug|Any CPU.Build.0 = Debug|Any CPU
		{DC77415C-E00B-46BB-A010-99440F1F67CB}.Release|Any CPU.ActiveCfg = Release|Any CPU
		{DC77415C-E00B-46BB-A010-99440F1F67CB}.Release|Any CPU.Build.0 = Release|Any CPU
		{FA719090-11EA-4E70-BC00-6DB47F199D2E}.Debug|Any CPU.ActiveCfg = Debug|Any CPU
		{FA719090-11EA-4E70-BC00-6DB47F199D2E}.Debug|Any CPU.Build.0 = Debug|Any CPU
		{FA719090-11EA-4E70-BC00-6DB47F199D2E}.Release|Any CPU.ActiveCfg = Release|Any CPU
		{FA719090-11EA-4E70-BC00-6DB47F199D2E}.Release|Any CPU.Build.0 = Release|Any CPU
		{C0A21263-7831-40DB-A1C8-509E0EA5E336}.Debug|Any CPU.ActiveCfg = Debug|Any CPU
		{C0A21263-7831-40DB-A1C8-509E0EA5E336}.Debug|Any CPU.Build.0 = Debug|Any CPU
		{C0A21263-7831-40DB-A1C8-509E0EA5E336}.Release|Any CPU.ActiveCfg = Release|Any CPU
		{C0A21263-7831-40DB-A1C8-509E0EA5E336}.Release|Any CPU.Build.0 = Release|Any CPU
	EndGlobalSection
	GlobalSection(SolutionProperties) = preSolution
		HideSolutionNode = FALSE
	EndGlobalSection
	GlobalSection(ExtensibilityGlobals) = postSolution
		SolutionGuid = {4259F53B-305A-44C4-890F-22CD2531091C}
	EndGlobalSection
EndGlobal
