
Microsoft Visual Studio Solution File, Format Version 12.00
# Visual Studio Version 17
VisualStudioVersion = 17.8.34330.188
MinimumVisualStudioVersion = 10.0.40219.1
Project("{9A19103F-16F7-4668-BE54-9A1E7A4F7556}") = "01. Generic class def", "01. Generic class def\01. Generic class def.csproj", "{8BE71214-F3C6-445B-9984-EE514CAD6D30}"
EndProject
Project("{9A19103F-16F7-4668-BE54-9A1E7A4F7556}") = "02. Typeparameter constraints", "02. Typeparameter constraints\02. Typeparameter constraints.csproj", "{AD5253FE-79BB-4ADF-B844-ED8382118EA5}"
EndProject
Project("{9A19103F-16F7-4668-BE54-9A1E7A4F7556}") = "03. Nullable types", "03. Nullable types\03. Nullable types.csproj", "{C136CD83-BFBA-4F88-9D3B-A44FB3C8AB97}"
EndProject
Project("{9A19103F-16F7-4668-BE54-9A1E7A4F7556}") = "04. Sorting a generic list based on various properties", "04. Sorting a generic list based on various properties\04. Sorting a generic list based on various properties.csproj", "{FA7767C6-4BFA-46B1-992A-FDBA33DBE866}"
EndProject
Project("{FAE04EC0-301F-11D3-BF4B-00C04F79EFBC}") = "05. Sorting a generic list based on various properties - improved", "05. Sorting a generic list based on various properties - improved\05. Sorting a generic list based on various properties - improved.csproj", "{88FB7A10-6787-4938-8C50-AD52B6032A38}"
EndProject
Global
	GlobalSection(SolutionConfigurationPlatforms) = preSolution
		Debug|Any CPU = Debug|Any CPU
		Release|Any CPU = Release|Any CPU
	EndGlobalSection
	GlobalSection(ProjectConfigurationPlatforms) = postSolution
		{8BE71214-F3C6-445B-9984-EE514CAD6D30}.Debug|Any CPU.ActiveCfg = Debug|Any CPU
		{8BE71214-F3C6-445B-9984-EE514CAD6D30}.Debug|Any CPU.Build.0 = Debug|Any CPU
		{8BE71214-F3C6-445B-9984-EE514CAD6D30}.Release|Any CPU.ActiveCfg = Release|Any CPU
		{8BE71214-F3C6-445B-9984-EE514CAD6D30}.Release|Any CPU.Build.0 = Release|Any CPU
		{AD5253FE-79BB-4ADF-B844-ED8382118EA5}.Debug|Any CPU.ActiveCfg = Debug|Any CPU
		{AD5253FE-79BB-4ADF-B844-ED8382118EA5}.Debug|Any CPU.Build.0 = Debug|Any CPU
		{AD5253FE-79BB-4ADF-B844-ED8382118EA5}.Release|Any CPU.ActiveCfg = Release|Any CPU
		{AD5253FE-79BB-4ADF-B844-ED8382118EA5}.Release|Any CPU.Build.0 = Release|Any CPU
		{C136CD83-BFBA-4F88-9D3B-A44FB3C8AB97}.Debug|Any CPU.ActiveCfg = Debug|Any CPU
		{C136CD83-BFBA-4F88-9D3B-A44FB3C8AB97}.Debug|Any CPU.Build.0 = Debug|Any CPU
		{C136CD83-BFBA-4F88-9D3B-A44FB3C8AB97}.Release|Any CPU.ActiveCfg = Release|Any CPU
		{C136CD83-BFBA-4F88-9D3B-A44FB3C8AB97}.Release|Any CPU.Build.0 = Release|Any CPU
		{FA7767C6-4BFA-46B1-992A-FDBA33DBE866}.Debug|Any CPU.ActiveCfg = Debug|Any CPU
		{FA7767C6-4BFA-46B1-992A-FDBA33DBE866}.Debug|Any CPU.Build.0 = Debug|Any CPU
		{FA7767C6-4BFA-46B1-992A-FDBA33DBE866}.Release|Any CPU.ActiveCfg = Release|Any CPU
		{FA7767C6-4BFA-46B1-992A-FDBA33DBE866}.Release|Any CPU.Build.0 = Release|Any CPU
		{88FB7A10-6787-4938-8C50-AD52B6032A38}.Debug|Any CPU.ActiveCfg = Debug|Any CPU
		{88FB7A10-6787-4938-8C50-AD52B6032A38}.Debug|Any CPU.Build.0 = Debug|Any CPU
		{88FB7A10-6787-4938-8C50-AD52B6032A38}.Release|Any CPU.ActiveCfg = Release|Any CPU
		{88FB7A10-6787-4938-8C50-AD52B6032A38}.Release|Any CPU.Build.0 = Release|Any CPU
	EndGlobalSection
	GlobalSection(SolutionProperties) = preSolution
		HideSolutionNode = FALSE
	EndGlobalSection
	GlobalSection(ExtensibilityGlobals) = postSolution
		SolutionGuid = {74488FF3-B1AE-484B-AC38-FC789427E1E8}
	EndGlobalSection
EndGlobal
